# This file is autogenerated, do not edit; changes may be undone by the next 'dep ensure'.


[[projects]]
  name = "github.com/bitly/go-simplejson"
  packages = ["."]
  revision = "aabad6e819789e569bd6aabf444c935aa9ba1e44"
  version = "v0.5.0"

[[projects]]
  branch = "master"
  name = "github.com/singchia/go-hammer"
  packages = ["doublinker"]
  revision = "705f6b1ff573413c0eadd78182d19ee8fbd5b17a"

[[projects]]
  name = "github.com/singchia/go-scheduler"
  packages = ["."]
  revision = "138dfd834f4fc1837e6841ad1dcd3549c10575a7"
  version = "v0.0.1"

[[projects]]
  branch = "master"
  name = "github.com/singchia/go-timer"
  packages = ["."]
  revision = "6e9052456016bd526a98011d0f2085d16b8f07fe"

[[projects]]
  branch = "master"
  name = "github.com/tiniyo/timer"
  packages = ["."]
  revision = "10a8f3d22ecc67e149bf1b583cfad3029b16116c"

[solve-meta]
  analyzer-name = "dep"
  analyzer-version = 1
  inputs-digest = "51a463dbd52e445039af9ac5ce15813f0f3dbd064a3774e94e0472342873279e"
  solver-name = "gps-cdcl"
  solver-version = 1
